// !$*UTF8*$!
{
	archiveVersion = 1;
	classes = {
	};
	objectVersion = 50;
	objects = {

/* Begin PBXBuildFile section */
		D131F40623CCDFFF008F4FF4 /* AppDelegate.swift in Sources */ = {isa = PBXBuildFile; fileRef = D131F40523CCDFFF008F4FF4 /* AppDelegate.swift */; };
		D131F40823CCDFFF008F4FF4 /* SceneDelegate.swift in Sources */ = {isa = PBXBuildFile; fileRef = D131F40723CCDFFF008F4FF4 /* SceneDelegate.swift */; };
		D131F40A23CCDFFF008F4FF4 /* ViewController.swift in Sources */ = {isa = PBXBuildFile; fileRef = D131F40923CCDFFF008F4FF4 /* ViewController.swift */; };
		D131F40D23CCDFFF008F4FF4 /* Main.storyboard in Resources */ = {isa = PBXBuildFile; fileRef = D131F40B23CCDFFF008F4FF4 /* Main.storyboard */; };
		D131F40F23CCE003008F4FF4 /* Assets.xcassets in Resources */ = {isa = PBXBuildFile; fileRef = D131F40E23CCE003008F4FF4 /* Assets.xcassets */; };
		D131F41223CCE003008F4FF4 /* LaunchScreen.storyboard in Resources */ = {isa = PBXBuildFile; fileRef = D131F41023CCE003008F4FF4 /* LaunchScreen.storyboard */; };
		D131F41D23CCE003008F4FF4 /* ScrollViewDemoTests.swift in Sources */ = {isa = PBXBuildFile; fileRef = D131F41C23CCE003008F4FF4 /* ScrollViewDemoTests.swift */; };
		D131F42823CCE003008F4FF4 /* ScrollViewDemoUITests.swift in Sources */ = {isa = PBXBuildFile; fileRef = D131F42723CCE003008F4FF4 /* ScrollViewDemoUITests.swift */; };
/* End PBXBuildFile section */

/* Begin PBXContainerItemProxy section */
		D131F41923CCE003008F4FF4 /* PBXContainerItemProxy */ = {
			isa = PBXContainerItemProxy;
			containerPortal = D131F3FA23CCDFFF008F4FF4 /* Project object */;
			proxyType = 1;
			remoteGlobalIDString = D131F40123CCDFFF008F4FF4;
			remoteInfo = ScrollViewDemo;
		};
		D131F42423CCE003008F4FF4 /* PBXContainerItemProxy */ = {
			isa = PBXContainerItemProxy;
			containerPortal = D131F3FA23CCDFFF008F4FF4 /* Project object */;
			proxyType = 1;
			remoteGlobalIDString = D131F40123CCDFFF008F4FF4;
			remoteInfo = ScrollViewDemo;
		};
/* End PBXContainerItemProxy section */

/* Begin PBXFileReference section */
		D131F40223CCDFFF008F4FF4 /* ScrollViewDemo.app */ = {isa = PBXFileReference; explicitFileType = wrapper.application; includeInIndex = 0; path = ScrollViewDemo.app; sourceTree = BUILT_PRODUCTS_DIR; };
		D131F40523CCDFFF008F4FF4 /* AppDelegate.swift */ = {isa = PBXFileReference; lastKnownFileType = sourcecode.swift; path = AppDelegate.swift; sourceTree = "<group>"; };
		D131F40723CCDFFF008F4FF4 /* SceneDelegate.swift */ = {isa = PBXFileReference; lastKnownFileType = sourcecode.swift; path = SceneDelegate.swift; sourceTree = "<group>"; };
		D131F40923CCDFFF008F4FF4 /* ViewController.swift */ = {isa = PBXFileReference; lastKnownFileType = sourcecode.swift; path = ViewController.swift; sourceTree = "<group>"; };
		D131F40C23CCDFFF008F4FF4 /* Base */ = {isa = PBXFileReference; lastKnownFileType = file.storyboard; name = Base; path = Base.lproj/Main.storyboard; sourceTree = "<group>"; };
		D131F40E23CCE003008F4FF4 /* Assets.xcassets */ = {isa = PBXFileReference; lastKnownFileType = folder.assetcatalog; path = Assets.xcassets; sourceTree = "<group>"; };
		D131F41123CCE003008F4FF4 /* Base */ = {isa = PBXFileReference; lastKnownFileType = file.storyboard; name = Base; path = Base.lproj/LaunchScreen.storyboard; sourceTree = "<group>"; };
		D131F41323CCE003008F4FF4 /* Info.plist */ = {isa = PBXFileReference; lastKnownFileType = text.plist.xml; path = Info.plist; sourceTree = "<group>"; };
		D131F41823CCE003008F4FF4 /* ScrollViewDemoTests.xctest */ = {isa = PBXFileReference; explicitFileType = wrapper.cfbundle; includeInIndex = 0; path = ScrollViewDemoTests.xctest; sourceTree = BUILT_PRODUCTS_DIR; };
		D131F41C23CCE003008F4FF4 /* ScrollViewDemoTests.swift */ = {isa = PBXFileReference; lastKnownFileType = sourcecode.swift; path = ScrollViewDemoTests.swift; sourceTree = "<group>"; };
		D131F41E23CCE003008F4FF4 /* Info.plist */ = {isa = PBXFileReference; lastKnownFileType = text.plist.xml; path = Info.plist; sourceTree = "<group>"; };
		D131F42323CCE003008F4FF4 /* ScrollViewDemoUITests.xctest */ = {isa = PBXFileReference; explicitFileType = wrapper.cfbundle; includeInIndex = 0; path = ScrollViewDemoUITests.xctest; sourceTree = BUILT_PRODUCTS_DIR; };
		D131F42723CCE003008F4FF4 /* ScrollViewDemoUITests.swift */ = {isa = PBXFileReference; lastKnownFileType = sourcecode.swift; path = ScrollViewDemoUITests.swift; sourceTree = "<group>"; };
		D131F42923CCE003008F4FF4 /* Info.plist */ = {isa = PBXFileReference; lastKnownFileType = text.plist.xml; path = Info.plist; sourceTree = "<group>"; };
/* End PBXFileReference section */

/* Begin PBXFrameworksBuildPhase section */
		D131F3FF23CCDFFF008F4FF4 /* Frameworks */ = {
			isa = PBXFrameworksBuildPhase;
			buildActionMask = 2147483647;
			files = (
			);
			runOnlyForDeploymentPostprocessing = 0;
		};
		D131F41523CCE003008F4FF4 /* Frameworks */ = {
			isa = PBXFrameworksBuildPhase;
			buildActionMask = 2147483647;
			files = (
			);
			runOnlyForDeploymentPostprocessing = 0;
		};
		D131F42023CCE003008F4FF4 /* Frameworks */ = {
			isa = PBXFrameworksBuildPhase;
			buildActionMask = 2147483647;
			files = (
			);
			runOnlyForDeploymentPostprocessing = 0;
		};
/* End PBXFrameworksBuildPhase section */

/* Begin PBXGroup section */
		D131F3F923CCDFFF008F4FF4 = {
			isa = PBXGroup;
			children = (
				D131F40423CCDFFF008F4FF4 /* ScrollViewDemo */,
				D131F41B23CCE003008F4FF4 /* ScrollViewDemoTests */,
				D131F42623CCE003008F4FF4 /* ScrollViewDemoUITests */,
				D131F40323CCDFFF008F4FF4 /* Products */,
			);
			sourceTree = "<group>";
		};
		D131F40323CCDFFF008F4FF4 /* Products */ = {
			isa = PBXGroup;
			children = (
				D131F40223CCDFFF008F4FF4 /* ScrollViewDemo.app */,
				D131F41823CCE003008F4FF4 /* ScrollViewDemoTests.xctest */,
				D131F42323CCE003008F4FF4 /* ScrollViewDemoUITests.xctest */,
			);
			name = Products;
			sourceTree = "<group>";
		};
		D131F40423CCDFFF008F4FF4 /* ScrollViewDemo */ = {
			isa = PBXGroup;
			children = (
				D131F40523CCDFFF008F4FF4 /* AppDelegate.swift */,
				D131F40723CCDFFF008F4FF4 /* SceneDelegate.swift */,
				D131F40923CCDFFF008F4FF4 /* ViewController.swift */,
				D131F40B23CCDFFF008F4FF4 /* Main.storyboard */,
				D131F40E23CCE003008F4FF4 /* Assets.xcassets */,
				D131F41023CCE003008F4FF4 /* LaunchScreen.storyboard */,
				D131F41323CCE003008F4FF4 /* Info.plist */,
			);
			path = ScrollViewDemo;
			sourceTree = "<group>";
		};
		D131F41B23CCE003008F4FF4 /* ScrollViewDemoTests */ = {
			isa = PBXGroup;
			children = (
				D131F41C23CCE003008F4FF4 /* ScrollViewDemoTests.swift */,
				D131F41E23CCE003008F4FF4 /* Info.plist */,
			);
			path = ScrollViewDemoTests;
			sourceTree = "<group>";
		};
		D131F42623CCE003008F4FF4 /* ScrollViewDemoUITests */ = {
			isa = PBXGroup;
			children = (
				D131F42723CCE003008F4FF4 /* ScrollViewDemoUITests.swift */,
				D131F42923CCE003008F4FF4 /* Info.plist */,
			);
			path = ScrollViewDemoUITests;
			sourceTree = "<group>";
		};
/* End PBXGroup section */

/* Begin PBXNativeTarget section */
		D131F40123CCDFFF008F4FF4 /* ScrollViewDemo */ = {
			isa = PBXNativeTarget;
			buildConfigurationList = D131F42C23CCE003008F4FF4 /* Build configuration list for PBXNativeTarget "ScrollViewDemo" */;
			buildPhases = (
				D131F3FE23CCDFFF008F4FF4 /* Sources */,
				D131F3FF23CCDFFF008F4FF4 /* Frameworks */,
				D131F40023CCDFFF008F4FF4 /* Resources */,
			);
			buildRules = (
			);
			dependencies = (
			);
			name = ScrollViewDemo;
			productName = ScrollViewDemo;
			productReference = D131F40223CCDFFF008F4FF4 /* ScrollViewDemo.app */;
			productType = "com.apple.product-type.application";
		};
		D131F41723CCE003008F4FF4 /* ScrollViewDemoTests */ = {
			isa = PBXNativeTarget;
			buildConfigurationList = D131F42F23CCE003008F4FF4 /* Build configuration list for PBXNativeTarget "ScrollViewDemoTests" */;
			buildPhases = (
				D131F41423CCE003008F4FF4 /* Sources */,
				D131F41523CCE003008F4FF4 /* Frameworks */,
				D131F41623CCE003008F4FF4 /* Resources */,
			);
			buildRules = (
			);
			dependencies = (
				D131F41A23CCE003008F4FF4 /* PBXTargetDependency */,
			);
			name = ScrollViewDemoTests;
			productName = ScrollViewDemoTests;
			productReference = D131F41823CCE003008F4FF4 /* ScrollViewDemoTests.xctest */;
			productType = "com.apple.product-type.bundle.unit-test";
		};
		D131F42223CCE003008F4FF4 /* ScrollViewDemoUITests */ = {
			isa = PBXNativeTarget;
			buildConfigurationList = D131F43223CCE003008F4FF4 /* Build configuration list for PBXNativeTarget "ScrollViewDemoUITests" */;
			buildPhases = (
				D131F41F23CCE003008F4FF4 /* Sources */,
				D131F42023CCE003008F4FF4 /* Frameworks */,
				D131F42123CCE003008F4FF4 /* Resources */,
			);
			buildRules = (
			);
			dependencies = (
				D131F42523CCE003008F4FF4 /* PBXTargetDependency */,
			);
			name = ScrollViewDemoUITests;
			productName = ScrollViewDemoUITests;
			productReference = D131F42323CCE003008F4FF4 /* ScrollViewDemoUITests.xctest */;
			productType = "com.apple.product-type.bundle.ui-testing";
		};
/* End PBXNativeTarget section */

/* Begin PBXProject section */
		D131F3FA23CCDFFF008F4FF4 /* Project object */ = {
			isa = PBXProject;
			attributes = {
				LastSwiftUpdateCheck = 1130;
				LastUpgradeCheck = 1130;
				ORGANIZATIONNAME = shiga;
				TargetAttributes = {
					D131F40123CCDFFF008F4FF4 = {
						CreatedOnToolsVersion = 11.3;
					};
					D131F41723CCE003008F4FF4 = {
						CreatedOnToolsVersion = 11.3;
						TestTargetID = D131F40123CCDFFF008F4FF4;
					};
					D131F42223CCE003008F4FF4 = {
						CreatedOnToolsVersion = 11.3;
						TestTargetID = D131F40123CCDFFF008F4FF4;
					};
				};
			};
			buildConfigurationList = D131F3FD23CCDFFF008F4FF4 /* Build configuration list for PBXProject "ScrollViewDemo" */;
			compatibilityVersion = "Xcode 9.3";
			developmentRegion = en;
			hasScannedForEncodings = 0;
			knownRegions = (
				en,
				Base,
			);
			mainGroup = D131F3F923CCDFFF008F4FF4;
			productRefGroup = D131F40323CCDFFF008F4FF4 /* Products */;
			projectDirPath = "";
			projectRoot = "";
			targets = (
				D131F40123CCDFFF008F4FF4 /* ScrollViewDemo */,
				D131F41723CCE003008F4FF4 /* ScrollViewDemoTests */,
				D131F42223CCE003008F4FF4 /* ScrollViewDemoUITests */,
			);
		};
/* End PBXProject section */

/* Begin PBXResourcesBuildPhase section */
		D131F40023CCDFFF008F4FF4 /* Resources */ = {
			isa = PBXResourcesBuildPhase;
			buildActionMask = 2147483647;
			files = (
				D131F41223CCE003008F4FF4 /* LaunchScreen.storyboard in Resources */,
				D131F40F23CCE003008F4FF4 /* Assets.xcassets in Resources */,
				D131F40D23CCDFFF008F4FF4 /* Main.storyboard in Resources */,
			);
			runOnlyForDeploymentPostprocessing = 0;
		};
		D131F41623CCE003008F4FF4 /* Resources */ = {
			isa = PBXResourcesBuildPhase;
			buildActionMask = 2147483647;
			files = (
			);
			runOnlyForDeploymentPostprocessing = 0;
		};
		D131F42123CCE003008F4FF4 /* Resources */ = {
			isa = PBXResourcesBuildPhase;
			buildActionMask = 2147483647;
			files = (
			);
			runOnlyForDeploymentPostprocessing = 0;
		};
/* End PBXResourcesBuildPhase section */

/* Begin PBXSourcesBuildPhase section */
		D131F3FE23CCDFFF008F4FF4 /* Sources */ = {
			isa = PBXSourcesBuildPhase;
			buildActionMask = 2147483647;
			files = (
				D131F40A23CCDFFF008F4FF4 /* ViewController.swift in Sources */,
				D131F40623CCDFFF008F4FF4 /* AppDelegate.swift in Sources */,
				D131F40823CCDFFF008F4FF4 /* SceneDelegate.swift in Sources */,
			);
			runOnlyForDeploymentPostprocessing = 0;
		};
		D131F41423CCE003008F4FF4 /* Sources */ = {
			isa = PBXSourcesBuildPhase;
			buildActionMask = 2147483647;
			files = (
				D131F41D23CCE003008F4FF4 /* ScrollViewDemoTests.swift in Sources */,
			);
			runOnlyForDeploymentPostprocessing = 0;
		};
		D131F41F23CCE003008F4FF4 /* Sources */ = {
			isa = PBXSourcesBuildPhase;
			buildActionMask = 2147483647;
			files = (
				D131F42823CCE003008F4FF4 /* ScrollViewDemoUITests.swift in Sources */,
			);
			runOnlyForDeploymentPostprocessing = 0;
		};
/* End PBXSourcesBuildPhase section */

/* Begin PBXTargetDependency section */
		D131F41A23CCE003008F4FF4 /* PBXTargetDependency */ = {
			isa = PBXTargetDependency;
			target = D131F40123CCDFFF008F4FF4 /* ScrollViewDemo */;
			targetProxy = D131F41923CCE003008F4FF4 /* PBXContainerItemProxy */;
		};
		D131F42523CCE003008F4FF4 /* PBXTargetDependency */ = {
			isa = PBXTargetDependency;
			target = D131F40123CCDFFF008F4FF4 /* ScrollViewDemo */;
			targetProxy = D131F42423CCE003008F4FF4 /* PBXContainerItemProxy */;
		};
/* End PBXTargetDependency section */

/* Begin PBXVariantGroup section */
		D131F40B23CCDFFF008F4FF4 /* Main.storyboard */ = {
			isa = PBXVariantGroup;
			children = (
				D131F40C23CCDFFF008F4FF4 /* Base */,
			);
			name = Main.storyboard;
			sourceTree = "<group>";
		};
		D131F41023CCE003008F4FF4 /* LaunchScreen.storyboard */ = {
			isa = PBXVariantGroup;
			children = (
				D131F41123CCE003008F4FF4 /* Base */,
			);
			name = LaunchScreen.storyboard;
			sourceTree = "<group>";
		};
/* End PBXVariantGroup section */

/* Begin XCBuildConfiguration section */
		D131F42A23CCE003008F4FF4 /* Debug */ = {
			isa = XCBuildConfiguration;
			buildSettings = {
				ALWAYS_SEARCH_USER_PATHS = NO;
				CLANG_ANALYZER_NONNULL = YES;
				CLANG_ANALYZER_NUMBER_OBJECT_CONVERSION = YES_AGGRESSIVE;
				CLANG_CXX_LANGUAGE_STANDARD = "gnu++14";
				CLANG_CXX_LIBRARY = "libc++";
				CLANG_ENABLE_MODULES = YES;
				CLANG_ENABLE_OBJC_ARC = YES;
				CLANG_ENABLE_OBJC_WEAK = YES;
				CLANG_WARN_BLOCK_CAPTURE_AUTORELEASING = YES;
				CLANG_WARN_BOOL_CONVERSION = YES;
				CLANG_WARN_COMMA = YES;
				CLANG_WARN_CONSTANT_CONVERSION = YES;
				CLANG_WARN_DEPRECATED_OBJC_IMPLEMENTATIONS = YES;
				CLANG_WARN_DIRECT_OBJC_ISA_USAGE = YES_ERROR;
				CLANG_WARN_DOCUMENTATION_COMMENTS = YES;
				CLANG_WARN_EMPTY_BODY = YES;
				CLANG_WARN_ENUM_CONVERSION = YES;
				CLANG_WARN_INFINITE_RECURSION = YES;
				CLANG_WARN_INT_CONVERSION = YES;
				CLANG_WARN_NON_LITERAL_NULL_CONVERSION = YES;
				CLANG_WARN_OBJC_IMPLICIT_RETAIN_SELF = YES;
				CLANG_WARN_OBJC_LITERAL_CONVERSION = YES;
				CLANG_WARN_OBJC_ROOT_CLASS = YES_ERROR;
				CLANG_WARN_RANGE_LOOP_ANALYSIS = YES;
				CLANG_WARN_STRICT_PROTOTYPES = YES;
				CLANG_WARN_SUSPICIOUS_MOVE = YES;
				CLANG_WARN_UNGUARDED_AVAILABILITY = YES_AGGRESSIVE;
				CLANG_WARN_UNREACHABLE_CODE = YES;
				CLANG_WARN__DUPLICATE_METHOD_MATCH = YES;
				COPY_PHASE_STRIP = NO;
				DEBUG_INFORMATION_FORMAT = dwarf;
				ENABLE_STRICT_OBJC_MSGSEND = YES;
				ENABLE_TESTABILITY = YES;
				GCC_C_LANGUAGE_STANDARD = gnu11;
				GCC_DYNAMIC_NO_PIC = NO;
				GCC_NO_COMMON_BLOCKS = YES;
				GCC_OPTIMIZATION_LEVEL = 0;
				GCC_PREPROCESSOR_DEFINITIONS = (
					"DEBUG=1",
					"$(inherited)",
				);
				GCC_WARN_64_TO_32_BIT_CONVERSION = YES;
				GCC_WARN_ABOUT_RETURN_TYPE = YES_ERROR;
				GCC_WARN_UNDECLARED_SELECTOR = YES;
				GCC_WARN_UNINITIALIZED_AUTOS = YES_AGGRESSIVE;
				GCC_WARN_UNUSED_FUNCTION = YES;
				GCC_WARN_UNUSED_VARIABLE = YES;
				IPHONEOS_DEPLOYMENT_TARGET = 13.2;
				MTL_ENABLE_DEBUG_INFO = INCLUDE_SOURCE;
				MTL_FAST_MATH = YES;
				ONLY_ACTIVE_ARCH = YES;
				SDKROOT = iphoneos;
				SWIFT_ACTIVE_COMPILATION_CONDITIONS = DEBUG;
				SWIFT_OPTIMIZATION_LEVEL = "-Onone";
			};
			name = Debug;
		};
		D131F42B23CCE003008F4FF4 /* Release */ = {
			isa = XCBuildConfiguration;
			buildSettings = {
				ALWAYS_SEARCH_USER_PATHS = NO;
				CLANG_ANALYZER_NONNULL = YES;
				CLANG_ANALYZER_NUMBER_OBJECT_CONVERSION = YES_AGGRESSIVE;
				CLANG_CXX_LANGUAGE_STANDARD = "gnu++14";
				CLANG_CXX_LIBRARY = "libc++";
				CLANG_ENABLE_MODULES = YES;
				CLANG_ENABLE_OBJC_ARC = YES;
				CLANG_ENABLE_OBJC_WEAK = YES;
				CLANG_WARN_BLOCK_CAPTURE_AUTORELEASING = YES;
				CLANG_WARN_BOOL_CONVERSION = YES;
				CLANG_WARN_COMMA = YES;
				CLANG_WARN_CONSTANT_CONVERSION = YES;
				CLANG_WARN_DEPRECATED_OBJC_IMPLEMENTATIONS = YES;
				CLANG_WARN_DIRECT_OBJC_ISA_USAGE = YES_ERROR;
				CLANG_WARN_DOCUMENTATION_COMMENTS = YES;
				CLANG_WARN_EMPTY_BODY = YES;
				CLANG_WARN_ENUM_CONVERSION = YES;
				CLANG_WARN_INFINITE_RECURSION = YES;
				CLANG_WARN_INT_CONVERSION = YES;
				CLANG_WARN_NON_LITERAL_NULL_CONVERSION = YES;
				CLANG_WARN_OBJC_IMPLICIT_RETAIN_SELF = YES;
				CLANG_WARN_OBJC_LITERAL_CONVERSION = YES;
				CLANG_WARN_OBJC_ROOT_CLASS = YES_ERROR;
				CLANG_WARN_RANGE_LOOP_ANALYSIS = YES;
				CLANG_WARN_STRICT_PROTOTYPES = YES;
				CLANG_WARN_SUSPICIOUS_MOVE = YES;
				CLANG_WARN_UNGUARDED_AVAILABILITY = YES_AGGRESSIVE;
				CLANG_WARN_UNREACHABLE_CODE = YES;
				CLANG_WARN__DUPLICATE_METHOD_MATCH = YES;
				COPY_PHASE_STRIP = NO;
				DEBUG_INFORMATION_FORMAT = "dwarf-with-dsym";
				ENABLE_NS_ASSERTIONS = NO;
				ENABLE_STRICT_OBJC_MSGSEND = YES;
				GCC_C_LANGUAGE_STANDARD = gnu11;
				GCC_NO_COMMON_BLOCKS = YES;
				GCC_WARN_64_TO_32_BIT_CONVERSION = YES;
				GCC_WARN_ABOUT_RETURN_TYPE = YES_ERROR;
				GCC_WARN_UNDECLARED_SELECTOR = YES;
				GCC_WARN_UNINITIALIZED_AUTOS = YES_AGGRESSIVE;
				GCC_WARN_UNUSED_FUNCTION = YES;
				GCC_WARN_UNUSED_VARIABLE = YES;
				IPHONEOS_DEPLOYMENT_TARGET = 13.2;
				MTL_ENABLE_DEBUG_INFO = NO;
				MTL_FAST_MATH = YES;
				SDKROOT = iphoneos;
				SWIFT_COMPILATION_MODE = wholemodule;
				SWIFT_OPTIMIZATION_LEVEL = "-O";
				VALIDATE_PRODUCT = YES;
			};
			name = Release;
		};
		D131F42D23CCE003008F4FF4 /* Debug */ = {
			isa = XCBuildConfiguration;
			buildSettings = {
				ASSETCATALOG_COMPILER_APPICON_NAME = AppIcon;
				CODE_SIGN_STYLE = Automatic;
				DEVELOPMENT_TEAM = J3W7ZZT238;
				INFOPLIST_FILE = ScrollViewDemo/Info.plist;
				LD_RUNPATH_SEARCH_PATHS = (
					"$(inherited)",
					"@executable_path/Frameworks",
				);
				PRODUCT_BUNDLE_IDENTIFIER = com.Shigas.ScrollViewDemo;
				PRODUCT_NAME = "$(TARGET_NAME)";
				SWIFT_VERSION = 5.0;
				TARGETED_DEVICE_FAMILY = "1,2";
			};
			name = Debug;
		};
		D131F42E23CCE003008F4FF4 /* Release */ = {
			isa = XCBuildConfiguration;
			buildSettings = {
				ASSETCATALOG_COMPILER_APPICON_NAME = AppIcon;
				CODE_SIGN_STYLE = Automatic;
				DEVELOPMENT_TEAM = J3W7ZZT238;
				INFOPLIST_FILE = ScrollViewDemo/Info.plist;
				LD_RUNPATH_SEARCH_PATHS = (
					"$(inherited)",
					"@executable_path/Frameworks",
				);
				PRODUCT_BUNDLE_IDENTIFIER = com.Shigas.ScrollViewDemo;
				PRODUCT_NAME = "$(TARGET_NAME)";
				SWIFT_VERSION = 5.0;
				TARGETED_DEVICE_FAMILY = "1,2";
			};
			name = Release;
		};
		D131F43023CCE003008F4FF4 /* Debug */ = {
			isa = XCBuildConfiguration;
			buildSettings = {
				ALWAYS_EMBED_SWIFT_STANDARD_LIBRARIES = YES;
				BUNDLE_LOADER = "$(TEST_HOST)";
				CODE_SIGN_STYLE = Automatic;
				DEVELOPMENT_TEAM = J3W7ZZT238;
				INFOPLIST_FILE = ScrollViewDemoTests/Info.plist;
				IPHONEOS_DEPLOYMENT_TARGET = 13.2;
				LD_RUNPATH_SEARCH_PATHS = (
					"$(inherited)",
					"@executable_path/Frameworks",
					"@loader_path/Frameworks",
				);
				PRODUCT_BUNDLE_IDENTIFIER = com.Shigas.ScrollViewDemoTests;
				PRODUCT_NAME = "$(TARGET_NAME)";
				SWIFT_VERSION = 5.0;
				TARGETED_DEVICE_FAMILY = "1,2";
				TEST_HOST = "$(BUILT_PRODUCTS_DIR)/ScrollViewDemo.app/ScrollViewDemo";
			};
			name = Debug;
		};
		D131F43123CCE003008F4FF4 /* Release */ = {
			isa = XCBuildConfiguration;
			buildSettings = {
				ALWAYS_EMBED_SWIFT_STANDARD_LIBRARIES = YES;
				BUNDLE_LOADER = "$(TEST_HOST)";
				CODE_SIGN_STYLE = Automatic;
				DEVELOPMENT_TEAM = J3W7ZZT238;
				INFOPLIST_FILE = ScrollViewDemoTests/Info.plist;
				IPHONEOS_DEPLOYMENT_TARGET = 13.2;
				LD_RUNPATH_SEARCH_PATHS = (
					"$(inherited)",
					"@executable_path/Frameworks",
					"@loader_path/Frameworks",
				);
				PRODUCT_BUNDLE_IDENTIFIER = com.Shigas.ScrollViewDemoTests;
				PRODUCT_NAME = "$(TARGET_NAME)";
				SWIFT_VERSION = 5.0;
				TARGETED_DEVICE_FAMILY = "1,2";
				TEST_HOST = "$(BUILT_PRODUCTS_DIR)/ScrollViewDemo.app/ScrollViewDemo";
			};
			name = Release;
		};
		D131F43323CCE003008F4FF4 /* Debug */ = {
			isa = XCBuildConfiguration;
			buildSettings = {
				ALWAYS_EMBED_SWIFT_STANDARD_LIBRARIES = YES;
				CODE_SIGN_STYLE = Automatic;
				DEVELOPMENT_TEAM = J3W7ZZT238;
				INFOPLIST_FILE = ScrollViewDemoUITests/Info.plist;
				LD_RUNPATH_SEARCH_PATHS = (
					"$(inherited)",
					"@executable_path/Frameworks",
					"@loader_path/Frameworks",
				);
				PRODUCT_BUNDLE_IDENTIFIER = com.Shigas.ScrollViewDemoUITests;
				PRODUCT_NAME = "$(TARGET_NAME)";
				SWIFT_VERSION = 5.0;
				TARGETED_DEVICE_FAMILY = "1,2";
				TEST_TARGET_NAME = ScrollViewDemo;
			};
			name = Debug;
		};
		D131F43423CCE003008F4FF4 /* Release */ = {
			isa = XCBuildConfiguration;
			buildSettings = {
				ALWAYS_EMBED_SWIFT_STANDARD_LIBRARIES = YES;
				CODE_SIGN_STYLE = Automatic;
				DEVELOPMENT_TEAM = J3W7ZZT238;
				INFOPLIST_FILE = ScrollViewDemoUITests/Info.plist;
				LD_RUNPATH_SEARCH_PATHS = (
					"$(inherited)",
					"@executable_path/Frameworks",
					"@loader_path/Frameworks",
				);
				PRODUCT_BUNDLE_IDENTIFIER = com.Shigas.ScrollViewDemoUITests;
				PRODUCT_NAME = "$(TARGET_NAME)";
				SWIFT_VERSION = 5.0;
				TARGETED_DEVICE_FAMILY = "1,2";
				TEST_TARGET_NAME = ScrollViewDemo;
			};
			name = Release;
		};
/* End XCBuildConfiguration section */

/* Begin XCConfigurationList section */
		D131F3FD23CCDFFF008F4FF4 /* Build configuration list for PBXProject "ScrollViewDemo" */ = {
			isa = XCConfigurationList;
			buildConfigurations = (
				D131F42A23CCE003008F4FF4 /* Debug */,
				D131F42B23CCE003008F4FF4 /* Release */,
			);
			defaultConfigurationIsVisible = 0;
			defaultConfigurationName = Release;
		};
		D131F42C23CCE003008F4FF4 /* Build configuration list for PBXNativeTarget "ScrollViewDemo" */ = {
			isa = XCConfigurationList;
			buildConfigurations = (
				D131F42D23CCE003008F4FF4 /* Debug */,
				D131F42E23CCE003008F4FF4 /* Release */,
			);
			defaultConfigurationIsVisible = 0;
			defaultConfigurationName = Release;
		};
		D131F42F23CCE003008F4FF4 /* Build configuration list for PBXNativeTarget "ScrollViewDemoTests" */ = {
			isa = XCConfigurationList;
			buildConfigurations = (
				D131F43023CCE003008F4FF4 /* Debug */,
				D131F43123CCE003008F4FF4 /* Release */,
			);
			defaultConfigurationIsVisible = 0;
			defaultConfigurationName = Release;
		};
		D131F43223CCE003008F4FF4 /* Build configuration list for PBXNativeTarget "ScrollViewDemoUITests" */ = {
			isa = XCConfigurationList;
			buildConfigurations = (
				D131F43323CCE003008F4FF4 /* Debug */,
				D131F43423CCE003008F4FF4 /* Release */,
			);
			defaultConfigurationIsVisible = 0;
			defaultConfigurationName = Release;
		};
/* End XCConfigurationList section */
	};
	rootObject = D131F3FA23CCDFFF008F4FF4 /* Project object */;
}
